
Microsoft Visual Studio Solution File, Format Version 12.00
# Visual Studio Express 2013 for Windows Desktop
VisualStudioVersion = 12.0.21005.1
MinimumVisualStudioVersion = 10.0.40219.1
Project("{FAE04EC0-301F-11D3-BF4B-00C04F79EFBC}") = "Kolos 1a", "Kolos 1a\Kolos 1a.csproj", "{FC6763D2-B581-4E7F-A1B7-13AC43771830}"
EndProject
Global
	GlobalSection(SolutionConfigurationPlatforms) = preSolution
		Debug|Any CPU = Debug|Any CPU
		Release|Any CPU = Release|Any CPU
	EndGlobalSection
	GlobalSection(ProjectConfigurationPlatforms) = postSolution
		{FC6763D2-B581-4E7F-A1B7-13AC43771830}.Debug|Any CPU.ActiveCfg = Debug|Any CPU
		{FC6763D2-B581-4E7F-A1B7-13AC43771830}.Debug|Any CPU.Build.0 = Debug|Any CPU
		{FC6763D2-B581-4E7F-A1B7-13AC43771830}.Release|Any CPU.ActiveCfg = Release|Any CPU
		{FC6763D2-B581-4E7F-A1B7-13AC43771830}.Release|Any CPU.Build.0 = Release|Any CPU
	EndGlobalSection
	GlobalSection(SolutionProperties) = preSolution
		HideSolutionNode = FALSE
	EndGlobalSection
EndGlobal
